
Microsoft Visual Studio Solution File, Format Version 12.00
# Visual Studio Version 17
VisualStudioVersion = 17.14.36127.28 d17.14
MinimumVisualStudioVersion = 10.0.40219.1
Project("{FAE04EC0-301F-11D3-BF4B-00C04F79EFBC}") = "NetUpdate", "NetUpdate.csproj", "{8E50869E-64F0-4DDD-872F-44F7E0E3E357}"
EndProject
Global
	GlobalSection(SolutionConfigurationPlatforms) = preSolution
		Debug|Any CPU = Debug|Any CPU
		Release|Any CPU = Release|Any CPU
	EndGlobalSection
	GlobalSection(ProjectConfigurationPlatforms) = postSolution
		{8E50869E-64F0-4DDD-872F-44F7E0E3E357}.Debug|Any CPU.ActiveCfg = Debug|Any CPU
		{8E50869E-64F0-4DDD-872F-44F7E0E3E357}.Debug|Any CPU.Build.0 = Debug|Any CPU
		{8E50869E-64F0-4DDD-872F-44F7E0E3E357}.Release|Any CPU.ActiveCfg = Release|Any CPU
		{8E50869E-64F0-4DDD-872F-44F7E0E3E357}.Release|Any CPU.Build.0 = Release|Any CPU
	EndGlobalSection
	GlobalSection(SolutionProperties) = preSolution
		HideSolutionNode = FALSE
	EndGlobalSection
	GlobalSection(ExtensibilityGlobals) = postSolution
		SolutionGuid = {EB3E9A00-C5FB-4256-94BE-9FA81CFCE11C}
	EndGlobalSection
EndGlobal
